
Microsoft Visual Studio Solution File, Format Version 12.00
# Visual Studio Version 16
VisualStudioVersion = 16.0.29215.179
MinimumVisualStudioVersion = 10.0.40219.1
Project("{FAE04EC0-301F-11D3-BF4B-00C04F79EFBC}") = "ClassWork9", "ClassWork9\ClassWork9.csproj", "{46E0E637-C1D1-487C-932B-84D181679202}"
EndProject
Global
	GlobalSection(SolutionConfigurationPlatforms) = preSolution
		Debug|Any CPU = Debug|Any CPU
		Release|Any CPU = Release|Any CPU
	EndGlobalSection
	GlobalSection(ProjectConfigurationPlatforms) = postSolution
		{46E0E637-C1D1-487C-932B-84D181679202}.Debug|Any CPU.ActiveCfg = Debug|Any CPU
		{46E0E637-C1D1-487C-932B-84D181679202}.Debug|Any CPU.Build.0 = Debug|Any CPU
		{46E0E637-C1D1-487C-932B-84D181679202}.Release|Any CPU.ActiveCfg = Release|Any CPU
		{46E0E637-C1D1-487C-932B-84D181679202}.Release|Any CPU.Build.0 = Release|Any CPU
	EndGlobalSection
	GlobalSection(SolutionProperties) = preSolution
		HideSolutionNode = FALSE
	EndGlobalSection
	GlobalSection(ExtensibilityGlobals) = postSolution
		SolutionGuid = {2259865E-D290-4849-8316-D4B69000964C}
	EndGlobalSection
EndGlobal
